
Microsoft Visual Studio Solution File, Format Version 12.00
# Visual Studio 15
VisualStudioVersion = 15.0.28010.2046
MinimumVisualStudioVersion = 10.0.40219.1
Project("{FAE04EC0-301F-11D3-BF4B-00C04F79EFBC}") = "App2.Android", "App2\App2.Android\App2.Android.csproj", "{BBDF1CEC-8CF0-4830-BE1A-E8295FCF7BF9}"
EndProject
Project("{FAE04EC0-301F-11D3-BF4B-00C04F79EFBC}") = "App2.iOS", "App2\App2.iOS\App2.iOS.csproj", "{C012CEE9-AE52-4D8A-B76F-BD31B8563206}"
EndProject
Project("{FAE04EC0-301F-11D3-BF4B-00C04F79EFBC}") = "App2", "App2\App2\App2.csproj", "{8F56DE78-2238-4482-8ED5-2D487825B1E9}"
EndProject
Global
	GlobalSection(SolutionConfigurationPlatforms) = preSolution
		Ad-Hoc|Any CPU = Ad-Hoc|Any CPU
		Ad-Hoc|iPhone = Ad-Hoc|iPhone
		Ad-Hoc|iPhoneSimulator = Ad-Hoc|iPhoneSimulator
		AppStore|Any CPU = AppStore|Any CPU
		AppStore|iPhone = AppStore|iPhone
		AppStore|iPhoneSimulator = AppStore|iPhoneSimulator
		Debug|Any CPU = Debug|Any CPU
		Debug|iPhone = Debug|iPhone
		Debug|iPhoneSimulator = Debug|iPhoneSimulator
		Release|Any CPU = Release|Any CPU
		Release|iPhone = Release|iPhone
		Release|iPhoneSimulator = Release|iPhoneSimulator
	EndGlobalSection
	GlobalSection(ProjectConfigurationPlatforms) = postSolution
		{BBDF1CEC-8CF0-4830-BE1A-E8295FCF7BF9}.Ad-Hoc|Any CPU.ActiveCfg = Release|Any CPU
		{BBDF1CEC-8CF0-4830-BE1A-E8295FCF7BF9}.Ad-Hoc|Any CPU.Build.0 = Release|Any CPU
		{BBDF1CEC-8CF0-4830-BE1A-E8295FCF7BF9}.Ad-Hoc|Any CPU.Deploy.0 = Release|Any CPU
		{BBDF1CEC-8CF0-4830-BE1A-E8295FCF7BF9}.Ad-Hoc|iPhone.ActiveCfg = Release|Any CPU
		{BBDF1CEC-8CF0-4830-BE1A-E8295FCF7BF9}.Ad-Hoc|iPhone.Build.0 = Release|Any CPU
		{BBDF1CEC-8CF0-4830-BE1A-E8295FCF7BF9}.Ad-Hoc|iPhone.Deploy.0 = Release|Any CPU
		{BBDF1CEC-8CF0-4830-BE1A-E8295FCF7BF9}.Ad-Hoc|iPhoneSimulator.ActiveCfg = Release|Any CPU
		{BBDF1CEC-8CF0-4830-BE1A-E8295FCF7BF9}.Ad-Hoc|iPhoneSimulator.Build.0 = Release|Any CPU
		{BBDF1CEC-8CF0-4830-BE1A-E8295FCF7BF9}.Ad-Hoc|iPhoneSimulator.Deploy.0 = Release|Any CPU
		{BBDF1CEC-8CF0-4830-BE1A-E8295FCF7BF9}.AppStore|Any CPU.ActiveCfg = Release|Any CPU
		{BBDF1CEC-8CF0-4830-BE1A-E8295FCF7BF9}.AppStore|Any CPU.Build.0 = Release|Any CPU
		{BBDF1CEC-8CF0-4830-BE1A-E8295FCF7BF9}.AppStore|Any CPU.Deploy.0 = Release|Any CPU
		{BBDF1CEC-8CF0-4830-BE1A-E8295FCF7BF9}.AppStore|iPhone.ActiveCfg = Release|Any CPU
		{BBDF1CEC-8CF0-4830-BE1A-E8295FCF7BF9}.AppStore|iPhone.Build.0 = Release|Any CPU
		{BBDF1CEC-8CF0-4830-BE1A-E8295FCF7BF9}.AppStore|iPhone.Deploy.0 = Release|Any CPU
		{BBDF1CEC-8CF0-4830-BE1A-E8295FCF7BF9}.AppStore|iPhoneSimulator.ActiveCfg = Release|Any CPU
		{BBDF1CEC-8CF0-4830-BE1A-E8295FCF7BF9}.AppStore|iPhoneSimulator.Build.0 = Release|Any CPU
		{BBDF1CEC-8CF0-4830-BE1A-E8295FCF7BF9}.AppStore|iPhoneSimulator.Deploy.0 = Release|Any CPU
		{BBDF1CEC-8CF0-4830-BE1A-E8295FCF7BF9}.Debug|Any CPU.ActiveCfg = Debug|Any CPU
		{BBDF1CEC-8CF0-4830-BE1A-E8295FCF7BF9}.Debug|Any CPU.Build.0 = Debug|Any CPU
		{BBDF1CEC-8CF0-4830-BE1A-E8295FCF7BF9}.Debug|Any CPU.Deploy.0 = Debug|Any CPU
		{BBDF1CEC-8CF0-4830-BE1A-E8295FCF7BF9}.Debug|iPhone.ActiveCfg = Debug|Any CPU
		{BBDF1CEC-8CF0-4830-BE1A-E8295FCF7BF9}.Debug|iPhone.Build.0 = Debug|Any CPU
		{BBDF1CEC-8CF0-4830-BE1A-E8295FCF7BF9}.Debug|iPhone.Deploy.0 = Debug|Any CPU
		{BBDF1CEC-8CF0-4830-BE1A-E8295FCF7BF9}.Debug|iPhoneSimulator.ActiveCfg = Debug|Any CPU
		{BBDF1CEC-8CF0-4830-BE1A-E8295FCF7BF9}.Debug|iPhoneSimulator.Build.0 = Debug|Any CPU
		{BBDF1CEC-8CF0-4830-BE1A-E8295FCF7BF9}.Debug|iPhoneSimulator.Deploy.0 = Debug|Any CPU
		{BBDF1CEC-8CF0-4830-BE1A-E8295FCF7BF9}.Release|Any CPU.ActiveCfg = Release|Any CPU
		{BBDF1CEC-8CF0-4830-BE1A-E8295FCF7BF9}.Release|Any CPU.Build.0 = Release|Any CPU
		{BBDF1CEC-8CF0-4830-BE1A-E8295FCF7BF9}.Release|Any CPU.Deploy.0 = Release|Any CPU
		{BBDF1CEC-8CF0-4830-BE1A-E8295FCF7BF9}.Release|iPhone.ActiveCfg = Release|Any CPU
		{BBDF1CEC-8CF0-4830-BE1A-E8295FCF7BF9}.Release|iPhone.Build.0 = Release|Any CPU
		{BBDF1CEC-8CF0-4830-BE1A-E8295FCF7BF9}.Release|iPhone.Deploy.0 = Release|Any CPU
		{BBDF1CEC-8CF0-4830-BE1A-E8295FCF7BF9}.Release|iPhoneSimulator.ActiveCfg = Release|Any CPU
		{BBDF1CEC-8CF0-4830-BE1A-E8295FCF7BF9}.Release|iPhoneSimulator.Build.0 = Release|Any CPU
		{BBDF1CEC-8CF0-4830-BE1A-E8295FCF7BF9}.Release|iPhoneSimulator.Deploy.0 = Release|Any CPU
		{C012CEE9-AE52-4D8A-B76F-BD31B8563206}.Ad-Hoc|Any CPU.ActiveCfg = Ad-Hoc|iPhone
		{C012CEE9-AE52-4D8A-B76F-BD31B8563206}.Ad-Hoc|Any CPU.Build.0 = Ad-Hoc|iPhone
		{C012CEE9-AE52-4D8A-B76F-BD31B8563206}.Ad-Hoc|Any CPU.Deploy.0 = Ad-Hoc|iPhone
		{C012CEE9-AE52-4D8A-B76F-BD31B8563206}.Ad-Hoc|iPhone.ActiveCfg = Ad-Hoc|iPhone
		{C012CEE9-AE52-4D8A-B76F-BD31B8563206}.Ad-Hoc|iPhone.Build.0 = Ad-Hoc|iPhone
		{C012CEE9-AE52-4D8A-B76F-BD31B8563206}.Ad-Hoc|iPhone.Deploy.0 = Ad-Hoc|iPhone
		{C012CEE9-AE52-4D8A-B76F-BD31B8563206}.Ad-Hoc|iPhoneSimulator.ActiveCfg = Ad-Hoc|iPhoneSimulator
		{C012CEE9-AE52-4D8A-B76F-BD31B8563206}.Ad-Hoc|iPhoneSimulator.Build.0 = Ad-Hoc|iPhoneSimulator
		{C012CEE9-AE52-4D8A-B76F-BD31B8563206}.Ad-Hoc|iPhoneSimulator.Deploy.0 = Ad-Hoc|iPhoneSimulator
		{C012CEE9-AE52-4D8A-B76F-BD31B8563206}.AppStore|Any CPU.ActiveCfg = AppStore|iPhone
		{C012CEE9-AE52-4D8A-B76F-BD31B8563206}.AppStore|Any CPU.Build.0 = AppStore|iPhone
		{C012CEE9-AE52-4D8A-B76F-BD31B8563206}.AppStore|Any CPU.Deploy.0 = AppStore|iPhone
		{C012CEE9-AE52-4D8A-B76F-BD31B8563206}.AppStore|iPhone.ActiveCfg = AppStore|iPhone
		{C012CEE9-AE52-4D8A-B76F-BD31B8563206}.AppStore|iPhone.Build.0 = AppStore|iPhone
		{C012CEE9-AE52-4D8A-B76F-BD31B8563206}.AppStore|iPhone.Deploy.0 = AppStore|iPhone
		{C012CEE9-AE52-4D8A-B76F-BD31B8563206}.AppStore|iPhoneSimulator.ActiveCfg = AppStore|iPhoneSimulator
		{C012CEE9-AE52-4D8A-B76F-BD31B8563206}.AppStore|iPhoneSimulator.Build.0 = AppStore|iPhoneSimulator
		{C012CEE9-AE52-4D8A-B76F-BD31B8563206}.AppStore|iPhoneSimulator.Deploy.0 = AppStore|iPhoneSimulator
		{C012CEE9-AE52-4D8A-B76F-BD31B8563206}.Debug|Any CPU.ActiveCfg = Debug|iPhoneSimulator
		{C012CEE9-AE52-4D8A-B76F-BD31B8563206}.Debug|Any CPU.Build.0 = Debug|iPhoneSimulator
		{C012CEE9-AE52-4D8A-B76F-BD31B8563206}.Debug|Any CPU.Deploy.0 = Debug|iPhoneSimulator
		{C012CEE9-AE52-4D8A-B76F-BD31B8563206}.Debug|iPhone.ActiveCfg = Debug|iPhone
		{C012CEE9-AE52-4D8A-B76F-BD31B8563206}.Debug|iPhone.Build.0 = Debug|iPhone
		{C012CEE9-AE52-4D8A-B76F-BD31B8563206}.Debug|iPhone.Deploy.0 = Debug|iPhone
		{C012CEE9-AE52-4D8A-B76F-BD31B8563206}.Debug|iPhoneSimulator.ActiveCfg = Debug|iPhoneSimulator
		{C012CEE9-AE52-4D8A-B76F-BD31B8563206}.Debug|iPhoneSimulator.Build.0 = Debug|iPhoneSimulator
		{C012CEE9-AE52-4D8A-B76F-BD31B8563206}.Debug|iPhoneSimulator.Deploy.0 = Debug|iPhoneSimulator
		{C012CEE9-AE52-4D8A-B76F-BD31B8563206}.Release|Any CPU.ActiveCfg = Release|iPhone
		{C012CEE9-AE52-4D8A-B76F-BD31B8563206}.Release|Any CPU.Build.0 = Release|iPhone
		{C012CEE9-AE52-4D8A-B76F-BD31B8563206}.Release|Any CPU.Deploy.0 = Release|iPhone
		{C012CEE9-AE52-4D8A-B76F-BD31B8563206}.Release|iPhone.ActiveCfg = Release|iPhone
		{C012CEE9-AE52-4D8A-B76F-BD31B8563206}.Release|iPhone.Build.0 = Release|iPhone
		{C012CEE9-AE52-4D8A-B76F-BD31B8563206}.Release|iPhone.Deploy.0 = Release|iPhone
		{C012CEE9-AE52-4D8A-B76F-BD31B8563206}.Release|iPhoneSimulator.ActiveCfg = Release|iPhoneSimulator
		{C012CEE9-AE52-4D8A-B76F-BD31B8563206}.Release|iPhoneSimulator.Build.0 = Release|iPhoneSimulator
		{C012CEE9-AE52-4D8A-B76F-BD31B8563206}.Release|iPhoneSimulator.Deploy.0 = Release|iPhoneSimulator
		{8F56DE78-2238-4482-8ED5-2D487825B1E9}.Ad-Hoc|Any CPU.ActiveCfg = Debug|Any CPU
		{8F56DE78-2238-4482-8ED5-2D487825B1E9}.Ad-Hoc|Any CPU.Build.0 = Debug|Any CPU
		{8F56DE78-2238-4482-8ED5-2D487825B1E9}.Ad-Hoc|Any CPU.Deploy.0 = Debug|Any CPU
		{8F56DE78-2238-4482-8ED5-2D487825B1E9}.Ad-Hoc|iPhone.ActiveCfg = Debug|Any CPU
		{8F56DE78-2238-4482-8ED5-2D487825B1E9}.Ad-Hoc|iPhone.Build.0 = Debug|Any CPU
		{8F56DE78-2238-4482-8ED5-2D487825B1E9}.Ad-Hoc|iPhone.Deploy.0 = Debug|Any CPU
		{8F56DE78-2238-4482-8ED5-2D487825B1E9}.Ad-Hoc|iPhoneSimulator.ActiveCfg = Debug|Any CPU
		{8F56DE78-2238-4482-8ED5-2D487825B1E9}.Ad-Hoc|iPhoneSimulator.Build.0 = Debug|Any CPU
		{8F56DE78-2238-4482-8ED5-2D487825B1E9}.Ad-Hoc|iPhoneSimulator.Deploy.0 = Debug|Any CPU
		{8F56DE78-2238-4482-8ED5-2D487825B1E9}.AppStore|Any CPU.ActiveCfg = Debug|Any CPU
		{8F56DE78-2238-4482-8ED5-2D487825B1E9}.AppStore|Any CPU.Build.0 = Debug|Any CPU
		{8F56DE78-2238-4482-8ED5-2D487825B1E9}.AppStore|Any CPU.Deploy.0 = Debug|Any CPU
		{8F56DE78-2238-4482-8ED5-2D487825B1E9}.AppStore|iPhone.ActiveCfg = Debug|Any CPU
		{8F56DE78-2238-4482-8ED5-2D487825B1E9}.AppStore|iPhone.Build.0 = Debug|Any CPU
		{8F56DE78-2238-4482-8ED5-2D487825B1E9}.AppStore|iPhone.Deploy.0 = Debug|Any CPU
		{8F56DE78-2238-4482-8ED5-2D487825B1E9}.AppStore|iPhoneSimulator.ActiveCfg = Debug|Any CPU
		{8F56DE78-2238-4482-8ED5-2D487825B1E9}.AppStore|iPhoneSimulator.Build.0 = Debug|Any CPU
		{8F56DE78-2238-4482-8ED5-2D487825B1E9}.AppStore|iPhoneSimulator.Deploy.0 = Debug|Any CPU
		{8F56DE78-2238-4482-8ED5-2D487825B1E9}.Debug|Any CPU.ActiveCfg = Debug|Any CPU
		{8F56DE78-2238-4482-8ED5-2D487825B1E9}.Debug|Any CPU.Build.0 = Debug|Any CPU
		{8F56DE78-2238-4482-8ED5-2D487825B1E9}.Debug|Any CPU.Deploy.0 = Debug|Any CPU
		{8F56DE78-2238-4482-8ED5-2D487825B1E9}.Debug|iPhone.ActiveCfg = Debug|Any CPU
		{8F56DE78-2238-4482-8ED5-2D487825B1E9}.Debug|iPhone.Build.0 = Debug|Any CPU
		{8F56DE78-2238-4482-8ED5-2D487825B1E9}.Debug|iPhone.Deploy.0 = Debug|Any CPU
		{8F56DE78-2238-4482-8ED5-2D487825B1E9}.Debug|iPhoneSimulator.ActiveCfg = Debug|Any CPU
		{8F56DE78-2238-4482-8ED5-2D487825B1E9}.Debug|iPhoneSimulator.Build.0 = Debug|Any CPU
		{8F56DE78-2238-4482-8ED5-2D487825B1E9}.Debug|iPhoneSimulator.Deploy.0 = Debug|Any CPU
		{8F56DE78-2238-4482-8ED5-2D487825B1E9}.Release|Any CPU.ActiveCfg = Release|Any CPU
		{8F56DE78-2238-4482-8ED5-2D487825B1E9}.Release|Any CPU.Build.0 = Release|Any CPU
		{8F56DE78-2238-4482-8ED5-2D487825B1E9}.Release|Any CPU.Deploy.0 = Release|Any CPU
		{8F56DE78-2238-4482-8ED5-2D487825B1E9}.Release|iPhone.ActiveCfg = Release|Any CPU
		{8F56DE78-2238-4482-8ED5-2D487825B1E9}.Release|iPhone.Build.0 = Release|Any CPU
		{8F56DE78-2238-4482-8ED5-2D487825B1E9}.Release|iPhone.Deploy.0 = Release|Any CPU
		{8F56DE78-2238-4482-8ED5-2D487825B1E9}.Release|iPhoneSimulator.ActiveCfg = Release|Any CPU
		{8F56DE78-2238-4482-8ED5-2D487825B1E9}.Release|iPhoneSimulator.Build.0 = Release|Any CPU
		{8F56DE78-2238-4482-8ED5-2D487825B1E9}.Release|iPhoneSimulator.Deploy.0 = Release|Any CPU
	EndGlobalSection
	GlobalSection(SolutionProperties) = preSolution
		HideSolutionNode = FALSE
	EndGlobalSection
	GlobalSection(ExtensibilityGlobals) = postSolution
		SolutionGuid = {A44A08AB-BDDF-4890-A7B0-E01953615BF8}
	EndGlobalSection
EndGlobal
